
Microsoft Visual Studio Solution File, Format Version 12.00
# Visual Studio Version 17
VisualStudioVersion = 17.12.35527.113 d17.12
MinimumVisualStudioVersion = 10.0.40219.1
Project("{FAE04EC0-301F-11D3-BF4B-00C04F79EFBC}") = "wareHouse", "wareHouse\wareHouse.csproj", "{F3699B89-007F-4478-A80F-7439C28FAB6D}"
EndProject
Global
	GlobalSection(SolutionConfigurationPlatforms) = preSolution
		Debug|Any CPU = Debug|Any CPU
		Release|Any CPU = Release|Any CPU
	EndGlobalSection
	GlobalSection(ProjectConfigurationPlatforms) = postSolution
		{F3699B89-007F-4478-A80F-7439C28FAB6D}.Debug|Any CPU.ActiveCfg = Debug|Any CPU
		{F3699B89-007F-4478-A80F-7439C28FAB6D}.Debug|Any CPU.Build.0 = Debug|Any CPU
		{F3699B89-007F-4478-A80F-7439C28FAB6D}.Release|Any CPU.ActiveCfg = Release|Any CPU
		{F3699B89-007F-4478-A80F-7439C28FAB6D}.Release|Any CPU.Build.0 = Release|Any CPU
	EndGlobalSection
	GlobalSection(SolutionProperties) = preSolution
		HideSolutionNode = FALSE
	EndGlobalSection
EndGlobal
